
Microsoft Visual Studio Solution File, Format Version 12.00
# Visual Studio 15
Project("{FAE04EC0-301F-11D3-BF4B-00C04F79EFBC}") = "Assembly-CSharp", "Assembly-CSharp.csproj", "{16AD1D69-1253-0C3D-C9DD-06036882A1DA}"
EndProject
Project("{FAE04EC0-301F-11D3-BF4B-00C04F79EFBC}") = "Assembly-CSharp-firstpass", "Assembly-CSharp-firstpass.csproj", "{1EB76D5A-5C7F-604C-E84B-7417B1402809}"
EndProject
Project("{FAE04EC0-301F-11D3-BF4B-00C04F79EFBC}") = "Assembly-CSharp-Editor-firstpass", "Assembly-CSharp-Editor-firstpass.csproj", "{B659031F-884A-4679-79CE-6A703416E282}"
EndProject
Project("{FAE04EC0-301F-11D3-BF4B-00C04F79EFBC}") = "Assembly-CSharp-Editor", "Assembly-CSharp-Editor.csproj", "{64749ADC-BE52-A371-17AA-E6624589275C}"
EndProject
Global
	GlobalSection(SolutionConfigurationPlatforms) = preSolution
		Debug|Any CPU = Debug|Any CPU
		Release|Any CPU = Release|Any CPU
	EndGlobalSection
	GlobalSection(ProjectConfigurationPlatforms) = postSolution
		{16AD1D69-1253-0C3D-C9DD-06036882A1DA}.Debug|Any CPU.ActiveCfg = Debug|Any CPU
		{16AD1D69-1253-0C3D-C9DD-06036882A1DA}.Debug|Any CPU.Build.0 = Debug|Any CPU
		{16AD1D69-1253-0C3D-C9DD-06036882A1DA}.Release|Any CPU.ActiveCfg = Release|Any CPU
		{16AD1D69-1253-0C3D-C9DD-06036882A1DA}.Release|Any CPU.Build.0 = Release|Any CPU
		{1EB76D5A-5C7F-604C-E84B-7417B1402809}.Debug|Any CPU.ActiveCfg = Debug|Any CPU
		{1EB76D5A-5C7F-604C-E84B-7417B1402809}.Debug|Any CPU.Build.0 = Debug|Any CPU
		{1EB76D5A-5C7F-604C-E84B-7417B1402809}.Release|Any CPU.ActiveCfg = Release|Any CPU
		{1EB76D5A-5C7F-604C-E84B-7417B1402809}.Release|Any CPU.Build.0 = Release|Any CPU
		{B659031F-884A-4679-79CE-6A703416E282}.Debug|Any CPU.ActiveCfg = Debug|Any CPU
		{B659031F-884A-4679-79CE-6A703416E282}.Debug|Any CPU.Build.0 = Debug|Any CPU
		{B659031F-884A-4679-79CE-6A703416E282}.Release|Any CPU.ActiveCfg = Release|Any CPU
		{B659031F-884A-4679-79CE-6A703416E282}.Release|Any CPU.Build.0 = Release|Any CPU
		{64749ADC-BE52-A371-17AA-E6624589275C}.Debug|Any CPU.ActiveCfg = Debug|Any CPU
		{64749ADC-BE52-A371-17AA-E6624589275C}.Debug|Any CPU.Build.0 = Debug|Any CPU
		{64749ADC-BE52-A371-17AA-E6624589275C}.Release|Any CPU.ActiveCfg = Release|Any CPU
		{64749ADC-BE52-A371-17AA-E6624589275C}.Release|Any CPU.Build.0 = Release|Any CPU
	EndGlobalSection
	GlobalSection(SolutionProperties) = preSolution
		HideSolutionNode = FALSE
	EndGlobalSection
EndGlobal
